// !$*UTF8*$!
{
	archiveVersion = 1;
	classes = {
	};
	objectVersion = 50;
	objects = {

/* Begin PBXBuildFile section */
		840F49222546DF2B0019D707 /* AppDelegate.swift in Sources */ = {isa = PBXBuildFile; fileRef = 840F49212546DF2B0019D707 /* AppDelegate.swift */; };
		840F49242546DF2B0019D707 /* SceneDelegate.swift in Sources */ = {isa = PBXBuildFile; fileRef = 840F49232546DF2B0019D707 /* SceneDelegate.swift */; };
		840F492C2546DF2B0019D707 /* TreeNote.xcdatamodeld in Sources */ = {isa = PBXBuildFile; fileRef = 840F492A2546DF2B0019D707 /* TreeNote.xcdatamodeld */; };
		840F492E2546DF310019D707 /* Assets.xcassets in Resources */ = {isa = PBXBuildFile; fileRef = 840F492D2546DF310019D707 /* Assets.xcassets */; };
		840F49312546DF310019D707 /* LaunchScreen.storyboard in Resources */ = {isa = PBXBuildFile; fileRef = 840F492F2546DF310019D707 /* LaunchScreen.storyboard */; };
		840F493A2546DFB10019D707 /* RootViewController.xib in Resources */ = {isa = PBXBuildFile; fileRef = 840F49382546DFB00019D707 /* RootViewController.xib */; };
		840F493B2546DFB10019D707 /* RootViewController.swift in Sources */ = {isa = PBXBuildFile; fileRef = 840F49392546DFB10019D707 /* RootViewController.swift */; };
		84421FD32566A0EC00A5EF52 /* DispatchQueueManager.swift in Sources */ = {isa = PBXBuildFile; fileRef = 84421FD22566A0EC00A5EF52 /* DispatchQueueManager.swift */; };
		8443610C256392C000E86ED5 /* TestImageViewController.swift in Sources */ = {isa = PBXBuildFile; fileRef = 8443610A256392C000E86ED5 /* TestImageViewController.swift */; };
		8443610D256392C000E86ED5 /* TestImageViewController.xib in Resources */ = {isa = PBXBuildFile; fileRef = 8443610B256392C000E86ED5 /* TestImageViewController.xib */; };
		844361172563B73100E86ED5 /* StretchableScrollView.swift in Sources */ = {isa = PBXBuildFile; fileRef = 844361162563B73100E86ED5 /* StretchableScrollView.swift */; };
		844361192563F6B100E86ED5 /* AdaptableImageView.swift in Sources */ = {isa = PBXBuildFile; fileRef = 844361182563F6B100E86ED5 /* AdaptableImageView.swift */; };
		84458F532566613200A5CFCA /* SynchronizedObject.swift in Sources */ = {isa = PBXBuildFile; fileRef = 84458F522566613200A5CFCA /* SynchronizedObject.swift */; };
		8448FEF42549742400745439 /* ContentionTableViewCell.swift in Sources */ = {isa = PBXBuildFile; fileRef = 8448FEF22549742400745439 /* ContentionTableViewCell.swift */; };
		8448FEF52549742400745439 /* ContentionTableViewCell.xib in Resources */ = {isa = PBXBuildFile; fileRef = 8448FEF32549742400745439 /* ContentionTableViewCell.xib */; };
		8455148C254CE800005A0F08 /* Extensions.swift in Sources */ = {isa = PBXBuildFile; fileRef = 8455148B254CE800005A0F08 /* Extensions.swift */; };
		848FF6E425473B16001F8B48 /* Contention.swift in Sources */ = {isa = PBXBuildFile; fileRef = 848FF6E325473B16001F8B48 /* Contention.swift */; };
		848FF6E62548DD00001F8B48 /* ModelController.swift in Sources */ = {isa = PBXBuildFile; fileRef = 848FF6E52548DD00001F8B48 /* ModelController.swift */; };
		84927173255E772E004ADC6A /* SelectActionViewController.swift in Sources */ = {isa = PBXBuildFile; fileRef = 84927171255E772E004ADC6A /* SelectActionViewController.swift */; };
		84927174255E772E004ADC6A /* SelectActionViewController.xib in Resources */ = {isa = PBXBuildFile; fileRef = 84927172255E772E004ADC6A /* SelectActionViewController.xib */; };
		84927178255E79FF004ADC6A /* ActionTableViewCell.swift in Sources */ = {isa = PBXBuildFile; fileRef = 84927176255E79FF004ADC6A /* ActionTableViewCell.swift */; };
		84927179255E79FF004ADC6A /* ActionTableViewCell.xib in Resources */ = {isa = PBXBuildFile; fileRef = 84927177255E79FF004ADC6A /* ActionTableViewCell.xib */; };
		84DE07E5254E160B0058C121 /* DataLoader.swift in Sources */ = {isa = PBXBuildFile; fileRef = 84DE07E4254E160B0058C121 /* DataLoader.swift */; };
		84DE07E8255479C10058C121 /* CryptoKit.framework in Frameworks */ = {isa = PBXBuildFile; fileRef = 84DE07E7255479C00058C121 /* CryptoKit.framework */; };
		84DE07EA255479E60058C121 /* Encryption.swift in Sources */ = {isa = PBXBuildFile; fileRef = 84DE07E9255479E60058C121 /* Encryption.swift */; };
		84DE07F02557AF120058C121 /* AddContentionViewController.swift in Sources */ = {isa = PBXBuildFile; fileRef = 84DE07EE2557AF120058C121 /* AddContentionViewController.swift */; };
		84DE07F12557AF120058C121 /* AddContentionViewController.xib in Resources */ = {isa = PBXBuildFile; fileRef = 84DE07EF2557AF120058C121 /* AddContentionViewController.xib */; };
		84F5BD2D255BA2DD004A4652 /* BookmarksViewController.swift in Sources */ = {isa = PBXBuildFile; fileRef = 84F5BD2B255BA2DD004A4652 /* BookmarksViewController.swift */; };
		84F5BD2E255BA2DD004A4652 /* BookmarksViewController.xib in Resources */ = {isa = PBXBuildFile; fileRef = 84F5BD2C255BA2DD004A4652 /* BookmarksViewController.xib */; };
/* End PBXBuildFile section */

/* Begin PBXFileReference section */
		840F491E2546DF2B0019D707 /* TreeNote.app */ = {isa = PBXFileReference; explicitFileType = wrapper.application; includeInIndex = 0; path = TreeNote.app; sourceTree = BUILT_PRODUCTS_DIR; };
		840F49212546DF2B0019D707 /* AppDelegate.swift */ = {isa = PBXFileReference; lastKnownFileType = sourcecode.swift; path = AppDelegate.swift; sourceTree = "<group>"; };
		840F49232546DF2B0019D707 /* SceneDelegate.swift */ = {isa = PBXFileReference; lastKnownFileType = sourcecode.swift; path = SceneDelegate.swift; sourceTree = "<group>"; };
		840F492B2546DF2B0019D707 /* TreeNote.xcdatamodel */ = {isa = PBXFileReference; lastKnownFileType = wrapper.xcdatamodel; path = TreeNote.xcdatamodel; sourceTree = "<group>"; };
		840F492D2546DF310019D707 /* Assets.xcassets */ = {isa = PBXFileReference; lastKnownFileType = folder.assetcatalog; path = Assets.xcassets; sourceTree = "<group>"; };
		840F49302546DF310019D707 /* Base */ = {isa = PBXFileReference; lastKnownFileType = file.storyboard; name = Base; path = Base.lproj/LaunchScreen.storyboard; sourceTree = "<group>"; };
		840F49322546DF310019D707 /* Info.plist */ = {isa = PBXFileReference; lastKnownFileType = text.plist.xml; path = Info.plist; sourceTree = "<group>"; };
		840F49382546DFB00019D707 /* RootViewController.xib */ = {isa = PBXFileReference; fileEncoding = 4; lastKnownFileType = file.xib; path = RootViewController.xib; sourceTree = "<group>"; };
		840F49392546DFB10019D707 /* RootViewController.swift */ = {isa = PBXFileReference; fileEncoding = 4; lastKnownFileType = sourcecode.swift; path = RootViewController.swift; sourceTree = "<group>"; };
		84421FD22566A0EC00A5EF52 /* DispatchQueueManager.swift */ = {isa = PBXFileReference; lastKnownFileType = sourcecode.swift; path = DispatchQueueManager.swift; sourceTree = "<group>"; };
		8443610A256392C000E86ED5 /* TestImageViewController.swift */ = {isa = PBXFileReference; lastKnownFileType = sourcecode.swift; path = TestImageViewController.swift; sourceTree = "<group>"; };
		8443610B256392C000E86ED5 /* TestImageViewController.xib */ = {isa = PBXFileReference; lastKnownFileType = file.xib; path = TestImageViewController.xib; sourceTree = "<group>"; };
		844361162563B73100E86ED5 /* StretchableScrollView.swift */ = {isa = PBXFileReference; lastKnownFileType = sourcecode.swift; path = StretchableScrollView.swift; sourceTree = "<group>"; };
		844361182563F6B100E86ED5 /* AdaptableImageView.swift */ = {isa = PBXFileReference; lastKnownFileType = sourcecode.swift; path = AdaptableImageView.swift; sourceTree = "<group>"; };
		84458F522566613200A5CFCA /* SynchronizedObject.swift */ = {isa = PBXFileReference; lastKnownFileType = sourcecode.swift; path = SynchronizedObject.swift; sourceTree = "<group>"; };
		8448FEF22549742400745439 /* ContentionTableViewCell.swift */ = {isa = PBXFileReference; lastKnownFileType = sourcecode.swift; path = ContentionTableViewCell.swift; sourceTree = "<group>"; };
		8448FEF32549742400745439 /* ContentionTableViewCell.xib */ = {isa = PBXFileReference; lastKnownFileType = file.xib; path = ContentionTableViewCell.xib; sourceTree = "<group>"; };
		8455148B254CE800005A0F08 /* Extensions.swift */ = {isa = PBXFileReference; lastKnownFileType = sourcecode.swift; path = Extensions.swift; sourceTree = "<group>"; };
		848FF6E325473B16001F8B48 /* Contention.swift */ = {isa = PBXFileReference; lastKnownFileType = sourcecode.swift; path = Contention.swift; sourceTree = "<group>"; };
		848FF6E52548DD00001F8B48 /* ModelController.swift */ = {isa = PBXFileReference; lastKnownFileType = sourcecode.swift; path = ModelController.swift; sourceTree = "<group>"; };
		84927171255E772E004ADC6A /* SelectActionViewController.swift */ = {isa = PBXFileReference; lastKnownFileType = sourcecode.swift; path = SelectActionViewController.swift; sourceTree = "<group>"; };
		84927172255E772E004ADC6A /* SelectActionViewController.xib */ = {isa = PBXFileReference; lastKnownFileType = file.xib; path = SelectActionViewController.xib; sourceTree = "<group>"; };
		84927176255E79FF004ADC6A /* ActionTableViewCell.swift */ = {isa = PBXFileReference; lastKnownFileType = sourcecode.swift; path = ActionTableViewCell.swift; sourceTree = "<group>"; };
		84927177255E79FF004ADC6A /* ActionTableViewCell.xib */ = {isa = PBXFileReference; lastKnownFileType = file.xib; path = ActionTableViewCell.xib; sourceTree = "<group>"; };
		84DE07E4254E160B0058C121 /* DataLoader.swift */ = {isa = PBXFileReference; lastKnownFileType = sourcecode.swift; path = DataLoader.swift; sourceTree = "<group>"; };
		84DE07E7255479C00058C121 /* CryptoKit.framework */ = {isa = PBXFileReference; lastKnownFileType = wrapper.framework; name = CryptoKit.framework; path = System/Library/Frameworks/CryptoKit.framework; sourceTree = SDKROOT; };
		84DE07E9255479E60058C121 /* Encryption.swift */ = {isa = PBXFileReference; lastKnownFileType = sourcecode.swift; path = Encryption.swift; sourceTree = "<group>"; };
		84DE07ED2555146C0058C121 /* libcommonCrypto.tbd */ = {isa = PBXFileReference; lastKnownFileType = "sourcecode.text-based-dylib-definition"; name = libcommonCrypto.tbd; path = usr/lib/system/libcommonCrypto.tbd; sourceTree = SDKROOT; };
		84DE07EE2557AF120058C121 /* AddContentionViewController.swift */ = {isa = PBXFileReference; lastKnownFileType = sourcecode.swift; path = AddContentionViewController.swift; sourceTree = "<group>"; };
		84DE07EF2557AF120058C121 /* AddContentionViewController.xib */ = {isa = PBXFileReference; lastKnownFileType = file.xib; path = AddContentionViewController.xib; sourceTree = "<group>"; };
		84F5BD2B255BA2DD004A4652 /* BookmarksViewController.swift */ = {isa = PBXFileReference; lastKnownFileType = sourcecode.swift; path = BookmarksViewController.swift; sourceTree = "<group>"; };
		84F5BD2C255BA2DD004A4652 /* BookmarksViewController.xib */ = {isa = PBXFileReference; lastKnownFileType = file.xib; path = BookmarksViewController.xib; sourceTree = "<group>"; };
/* End PBXFileReference section */

/* Begin PBXFrameworksBuildPhase section */
		840F491B2546DF2B0019D707 /* Frameworks */ = {
			isa = PBXFrameworksBuildPhase;
			buildActionMask = 2147483647;
			files = (
				84DE07E8255479C10058C121 /* CryptoKit.framework in Frameworks */,
			);
			runOnlyForDeploymentPostprocessing = 0;
		};
/* End PBXFrameworksBuildPhase section */

/* Begin PBXGroup section */
		840F49152546DF2B0019D707 = {
			isa = PBXGroup;
			children = (
				840F49202546DF2B0019D707 /* TreeNote */,
				840F491F2546DF2B0019D707 /* Products */,
				84DE07E6255479C00058C121 /* Frameworks */,
			);
			sourceTree = "<group>";
		};
		840F491F2546DF2B0019D707 /* Products */ = {
			isa = PBXGroup;
			children = (
				840F491E2546DF2B0019D707 /* TreeNote.app */,
			);
			name = Products;
			sourceTree = "<group>";
		};
		840F49202546DF2B0019D707 /* TreeNote */ = {
			isa = PBXGroup;
			children = (
				84421FD12566A0CB00A5EF52 /* Threading */,
				84DE07E1254E100F0058C121 /* resources */,
				8455148A254CE7E3005A0F08 /* Extensions */,
				848FF6E225473B07001F8B48 /* Model */,
				848FF6E12547370D001F8B48 /* view controllers */,
				840F49212546DF2B0019D707 /* AppDelegate.swift */,
				840F49232546DF2B0019D707 /* SceneDelegate.swift */,
				840F492D2546DF310019D707 /* Assets.xcassets */,
				840F492F2546DF310019D707 /* LaunchScreen.storyboard */,
				840F49322546DF310019D707 /* Info.plist */,
				840F492A2546DF2B0019D707 /* TreeNote.xcdatamodeld */,
			);
			path = TreeNote;
			sourceTree = "<group>";
		};
		84421FD12566A0CB00A5EF52 /* Threading */ = {
			isa = PBXGroup;
			children = (
				84458F522566613200A5CFCA /* SynchronizedObject.swift */,
				84421FD22566A0EC00A5EF52 /* DispatchQueueManager.swift */,
			);
			path = Threading;
			sourceTree = "<group>";
		};
		8455148A254CE7E3005A0F08 /* Extensions */ = {
			isa = PBXGroup;
			children = (
				8455148B254CE800005A0F08 /* Extensions.swift */,
				844361162563B73100E86ED5 /* StretchableScrollView.swift */,
				844361182563F6B100E86ED5 /* AdaptableImageView.swift */,
			);
			path = Extensions;
			sourceTree = "<group>";
		};
		848FF6E12547370D001F8B48 /* view controllers */ = {
			isa = PBXGroup;
			children = (
				84927175255E78E3004ADC6A /* cells */,
				840F49392546DFB10019D707 /* RootViewController.swift */,
				840F49382546DFB00019D707 /* RootViewController.xib */,
				84DE07EE2557AF120058C121 /* AddContentionViewController.swift */,
				84DE07EF2557AF120058C121 /* AddContentionViewController.xib */,
				84F5BD2B255BA2DD004A4652 /* BookmarksViewController.swift */,
				84F5BD2C255BA2DD004A4652 /* BookmarksViewController.xib */,
				84927171255E772E004ADC6A /* SelectActionViewController.swift */,
				84927172255E772E004ADC6A /* SelectActionViewController.xib */,
				8443610A256392C000E86ED5 /* TestImageViewController.swift */,
				8443610B256392C000E86ED5 /* TestImageViewController.xib */,
			);
			path = "view controllers";
			sourceTree = "<group>";
		};
		848FF6E225473B07001F8B48 /* Model */ = {
			isa = PBXGroup;
			children = (
				84DE07E9255479E60058C121 /* Encryption.swift */,
				848FF6E325473B16001F8B48 /* Contention.swift */,
				848FF6E52548DD00001F8B48 /* ModelController.swift */,
				84DE07E4254E160B0058C121 /* DataLoader.swift */,
			);
			path = Model;
			sourceTree = "<group>";
		};
		84927175255E78E3004ADC6A /* cells */ = {
			isa = PBXGroup;
			children = (
				8448FEF22549742400745439 /* ContentionTableViewCell.swift */,
				8448FEF32549742400745439 /* ContentionTableViewCell.xib */,
				84927176255E79FF004ADC6A /* ActionTableViewCell.swift */,
				84927177255E79FF004ADC6A /* ActionTableViewCell.xib */,
			);
			path = cells;
			sourceTree = "<group>";
		};
		84DE07E1254E100F0058C121 /* resources */ = {
			isa = PBXGroup;
			children = (
			);
			path = resources;
			sourceTree = "<group>";
		};
		84DE07E6255479C00058C121 /* Frameworks */ = {
			isa = PBXGroup;
			children = (
				84DE07ED2555146C0058C121 /* libcommonCrypto.tbd */,
				84DE07E7255479C00058C121 /* CryptoKit.framework */,
			);
			name = Frameworks;
			sourceTree = "<group>";
		};
/* End PBXGroup section */

/* Begin PBXNativeTarget section */
		840F491D2546DF2B0019D707 /* TreeNote */ = {
			isa = PBXNativeTarget;
			buildConfigurationList = 840F49352546DF310019D707 /* Build configuration list for PBXNativeTarget "TreeNote" */;
			buildPhases = (
				840F491A2546DF2B0019D707 /* Sources */,
				840F491B2546DF2B0019D707 /* Frameworks */,
				840F491C2546DF2B0019D707 /* Resources */,
			);
			buildRules = (
			);
			dependencies = (
			);
			name = TreeNote;
			productName = TreeNote;
			productReference = 840F491E2546DF2B0019D707 /* TreeNote.app */;
			productType = "com.apple.product-type.application";
		};
/* End PBXNativeTarget section */

/* Begin PBXProject section */
		840F49162546DF2B0019D707 /* Project object */ = {
			isa = PBXProject;
			attributes = {
				LastSwiftUpdateCheck = 1200;
				LastUpgradeCheck = 1200;
				TargetAttributes = {
					840F491D2546DF2B0019D707 = {
						CreatedOnToolsVersion = 12.0;
					};
				};
			};
			buildConfigurationList = 840F49192546DF2B0019D707 /* Build configuration list for PBXProject "TreeNote" */;
			compatibilityVersion = "Xcode 9.3";
			developmentRegion = en;
			hasScannedForEncodings = 0;
			knownRegions = (
				en,
				Base,
			);
			mainGroup = 840F49152546DF2B0019D707;
			productRefGroup = 840F491F2546DF2B0019D707 /* Products */;
			projectDirPath = "";
			projectRoot = "";
			targets = (
				840F491D2546DF2B0019D707 /* TreeNote */,
			);
		};
/* End PBXProject section */

/* Begin PBXResourcesBuildPhase section */
		840F491C2546DF2B0019D707 /* Resources */ = {
			isa = PBXResourcesBuildPhase;
			buildActionMask = 2147483647;
			files = (
				8448FEF52549742400745439 /* ContentionTableViewCell.xib in Resources */,
				8443610D256392C000E86ED5 /* TestImageViewController.xib in Resources */,
				840F49312546DF310019D707 /* LaunchScreen.storyboard in Resources */,
				840F492E2546DF310019D707 /* Assets.xcassets in Resources */,
				84927179255E79FF004ADC6A /* ActionTableViewCell.xib in Resources */,
				84DE07F12557AF120058C121 /* AddContentionViewController.xib in Resources */,
				84F5BD2E255BA2DD004A4652 /* BookmarksViewController.xib in Resources */,
				84927174255E772E004ADC6A /* SelectActionViewController.xib in Resources */,
				840F493A2546DFB10019D707 /* RootViewController.xib in Resources */,
			);
			runOnlyForDeploymentPostprocessing = 0;
		};
/* End PBXResourcesBuildPhase section */

/* Begin PBXSourcesBuildPhase section */
		840F491A2546DF2B0019D707 /* Sources */ = {
			isa = PBXSourcesBuildPhase;
			buildActionMask = 2147483647;
			files = (
				84458F532566613200A5CFCA /* SynchronizedObject.swift in Sources */,
				84DE07E5254E160B0058C121 /* DataLoader.swift in Sources */,
				840F493B2546DFB10019D707 /* RootViewController.swift in Sources */,
				8455148C254CE800005A0F08 /* Extensions.swift in Sources */,
				840F49222546DF2B0019D707 /* AppDelegate.swift in Sources */,
				840F49242546DF2B0019D707 /* SceneDelegate.swift in Sources */,
				84F5BD2D255BA2DD004A4652 /* BookmarksViewController.swift in Sources */,
				8448FEF42549742400745439 /* ContentionTableViewCell.swift in Sources */,
				844361172563B73100E86ED5 /* StretchableScrollView.swift in Sources */,
				84927178255E79FF004ADC6A /* ActionTableViewCell.swift in Sources */,
				84927173255E772E004ADC6A /* SelectActionViewController.swift in Sources */,
				8443610C256392C000E86ED5 /* TestImageViewController.swift in Sources */,
				84DE07F02557AF120058C121 /* AddContentionViewController.swift in Sources */,
				844361192563F6B100E86ED5 /* AdaptableImageView.swift in Sources */,
				848FF6E62548DD00001F8B48 /* ModelController.swift in Sources */,
				848FF6E425473B16001F8B48 /* Contention.swift in Sources */,
				84421FD32566A0EC00A5EF52 /* DispatchQueueManager.swift in Sources */,
				840F492C2546DF2B0019D707 /* TreeNote.xcdatamodeld in Sources */,
				84DE07EA255479E60058C121 /* Encryption.swift in Sources */,
			);
			runOnlyForDeploymentPostprocessing = 0;
		};
/* End PBXSourcesBuildPhase section */

/* Begin PBXVariantGroup section */
		840F492F2546DF310019D707 /* LaunchScreen.storyboard */ = {
			isa = PBXVariantGroup;
			children = (
				840F49302546DF310019D707 /* Base */,
			);
			name = LaunchScreen.storyboard;
			sourceTree = "<group>";
		};
/* End PBXVariantGroup section */

/* Begin XCBuildConfiguration section */
		840F49332546DF310019D707 /* Debug */ = {
			isa = XCBuildConfiguration;
			buildSettings = {
				ALWAYS_SEARCH_USER_PATHS = NO;
				CLANG_ANALYZER_NONNULL = YES;
				CLANG_ANALYZER_NUMBER_OBJECT_CONVERSION = YES_AGGRESSIVE;
				CLANG_CXX_LANGUAGE_STANDARD = "gnu++14";
				CLANG_CXX_LIBRARY = "libc++";
				CLANG_ENABLE_MODULES = YES;
				CLANG_ENABLE_OBJC_ARC = YES;
				CLANG_ENABLE_OBJC_WEAK = YES;
				CLANG_WARN_BLOCK_CAPTURE_AUTORELEASING = YES;
				CLANG_WARN_BOOL_CONVERSION = YES;
				CLANG_WARN_COMMA = YES;
				CLANG_WARN_CONSTANT_CONVERSION = YES;
				CLANG_WARN_DEPRECATED_OBJC_IMPLEMENTATIONS = YES;
				CLANG_WARN_DIRECT_OBJC_ISA_USAGE = YES_ERROR;
				CLANG_WARN_DOCUMENTATION_COMMENTS = YES;
				CLANG_WARN_EMPTY_BODY = YES;
				CLANG_WARN_ENUM_CONVERSION = YES;
				CLANG_WARN_INFINITE_RECURSION = YES;
				CLANG_WARN_INT_CONVERSION = YES;
				CLANG_WARN_NON_LITERAL_NULL_CONVERSION = YES;
				CLANG_WARN_OBJC_IMPLICIT_RETAIN_SELF = YES;
				CLANG_WARN_OBJC_LITERAL_CONVERSION = YES;
				CLANG_WARN_OBJC_ROOT_CLASS = YES_ERROR;
				CLANG_WARN_QUOTED_INCLUDE_IN_FRAMEWORK_HEADER = YES;
				CLANG_WARN_RANGE_LOOP_ANALYSIS = YES;
				CLANG_WARN_STRICT_PROTOTYPES = YES;
				CLANG_WARN_SUSPICIOUS_MOVE = YES;
				CLANG_WARN_UNGUARDED_AVAILABILITY = YES_AGGRESSIVE;
				CLANG_WARN_UNREACHABLE_CODE = YES;
				CLANG_WARN__DUPLICATE_METHOD_MATCH = YES;
				COPY_PHASE_STRIP = NO;
				DEBUG_INFORMATION_FORMAT = dwarf;
				ENABLE_STRICT_OBJC_MSGSEND = YES;
				ENABLE_TESTABILITY = YES;
				GCC_C_LANGUAGE_STANDARD = gnu11;
				GCC_DYNAMIC_NO_PIC = NO;
				GCC_NO_COMMON_BLOCKS = YES;
				GCC_OPTIMIZATION_LEVEL = 0;
				GCC_PREPROCESSOR_DEFINITIONS = (
					"DEBUG=1",
					"$(inherited)",
				);
				GCC_WARN_64_TO_32_BIT_CONVERSION = YES;
				GCC_WARN_ABOUT_RETURN_TYPE = YES_ERROR;
				GCC_WARN_UNDECLARED_SELECTOR = YES;
				GCC_WARN_UNINITIALIZED_AUTOS = YES_AGGRESSIVE;
				GCC_WARN_UNUSED_FUNCTION = YES;
				GCC_WARN_UNUSED_VARIABLE = YES;
				IPHONEOS_DEPLOYMENT_TARGET = 13.0;
				MTL_ENABLE_DEBUG_INFO = INCLUDE_SOURCE;
				MTL_FAST_MATH = YES;
				ONLY_ACTIVE_ARCH = YES;
				SDKROOT = iphoneos;
				SWIFT_ACTIVE_COMPILATION_CONDITIONS = DEBUG;
				SWIFT_OPTIMIZATION_LEVEL = "-Onone";
			};
			name = Debug;
		};
		840F49342546DF310019D707 /* Release */ = {
			isa = XCBuildConfiguration;
			buildSettings = {
				ALWAYS_SEARCH_USER_PATHS = NO;
				CLANG_ANALYZER_NONNULL = YES;
				CLANG_ANALYZER_NUMBER_OBJECT_CONVERSION = YES_AGGRESSIVE;
				CLANG_CXX_LANGUAGE_STANDARD = "gnu++14";
				CLANG_CXX_LIBRARY = "libc++";
				CLANG_ENABLE_MODULES = YES;
				CLANG_ENABLE_OBJC_ARC = YES;
				CLANG_ENABLE_OBJC_WEAK = YES;
				CLANG_WARN_BLOCK_CAPTURE_AUTORELEASING = YES;
				CLANG_WARN_BOOL_CONVERSION = YES;
				CLANG_WARN_COMMA = YES;
				CLANG_WARN_CONSTANT_CONVERSION = YES;
				CLANG_WARN_DEPRECATED_OBJC_IMPLEMENTATIONS = YES;
				CLANG_WARN_DIRECT_OBJC_ISA_USAGE = YES_ERROR;
				CLANG_WARN_DOCUMENTATION_COMMENTS = YES;
				CLANG_WARN_EMPTY_BODY = YES;
				CLANG_WARN_ENUM_CONVERSION = YES;
				CLANG_WARN_INFINITE_RECURSION = YES;
				CLANG_WARN_INT_CONVERSION = YES;
				CLANG_WARN_NON_LITERAL_NULL_CONVERSION = YES;
				CLANG_WARN_OBJC_IMPLICIT_RETAIN_SELF = YES;
				CLANG_WARN_OBJC_LITERAL_CONVERSION = YES;
				CLANG_WARN_OBJC_ROOT_CLASS = YES_ERROR;
				CLANG_WARN_QUOTED_INCLUDE_IN_FRAMEWORK_HEADER = YES;
				CLANG_WARN_RANGE_LOOP_ANALYSIS = YES;
				CLANG_WARN_STRICT_PROTOTYPES = YES;
				CLANG_WARN_SUSPICIOUS_MOVE = YES;
				CLANG_WARN_UNGUARDED_AVAILABILITY = YES_AGGRESSIVE;
				CLANG_WARN_UNREACHABLE_CODE = YES;
				CLANG_WARN__DUPLICATE_METHOD_MATCH = YES;
				COPY_PHASE_STRIP = NO;
				DEBUG_INFORMATION_FORMAT = "dwarf-with-dsym";
				ENABLE_NS_ASSERTIONS = NO;
				ENABLE_STRICT_OBJC_MSGSEND = YES;
				GCC_C_LANGUAGE_STANDARD = gnu11;
				GCC_NO_COMMON_BLOCKS = YES;
				GCC_WARN_64_TO_32_BIT_CONVERSION = YES;
				GCC_WARN_ABOUT_RETURN_TYPE = YES_ERROR;
				GCC_WARN_UNDECLARED_SELECTOR = YES;
				GCC_WARN_UNINITIALIZED_AUTOS = YES_AGGRESSIVE;
				GCC_WARN_UNUSED_FUNCTION = YES;
				GCC_WARN_UNUSED_VARIABLE = YES;
				IPHONEOS_DEPLOYMENT_TARGET = 13.0;
				MTL_ENABLE_DEBUG_INFO = NO;
				MTL_FAST_MATH = YES;
				SDKROOT = iphoneos;
				SWIFT_COMPILATION_MODE = wholemodule;
				SWIFT_OPTIMIZATION_LEVEL = "-O";
				VALIDATE_PRODUCT = YES;
			};
			name = Release;
		};
		840F49362546DF310019D707 /* Debug */ = {
			isa = XCBuildConfiguration;
			buildSettings = {
				ASSETCATALOG_COMPILER_APPICON_NAME = AppIcon;
				ASSETCATALOG_COMPILER_GLOBAL_ACCENT_COLOR_NAME = AccentColor;
				CODE_SIGN_STYLE = Automatic;
				DEVELOPMENT_TEAM = B8QMGNX782;
				INFOPLIST_FILE = TreeNote/Info.plist;
				LD_RUNPATH_SEARCH_PATHS = (
					"$(inherited)",
					"@executable_path/Frameworks",
				);
				PRODUCT_BUNDLE_IDENTIFIER = "-23.TreeNote";
				PRODUCT_NAME = "$(TARGET_NAME)";
				SWIFT_VERSION = 5.0;
				TARGETED_DEVICE_FAMILY = "1,2";
			};
			name = Debug;
		};
		840F49372546DF310019D707 /* Release */ = {
			isa = XCBuildConfiguration;
			buildSettings = {
				ASSETCATALOG_COMPILER_APPICON_NAME = AppIcon;
				ASSETCATALOG_COMPILER_GLOBAL_ACCENT_COLOR_NAME = AccentColor;
				CODE_SIGN_STYLE = Automatic;
				DEVELOPMENT_TEAM = B8QMGNX782;
				INFOPLIST_FILE = TreeNote/Info.plist;
				LD_RUNPATH_SEARCH_PATHS = (
					"$(inherited)",
					"@executable_path/Frameworks",
				);
				PRODUCT_BUNDLE_IDENTIFIER = "-23.TreeNote";
				PRODUCT_NAME = "$(TARGET_NAME)";
				SWIFT_VERSION = 5.0;
				TARGETED_DEVICE_FAMILY = "1,2";
			};
			name = Release;
		};
/* End XCBuildConfiguration section */

/* Begin XCConfigurationList section */
		840F49192546DF2B0019D707 /* Build configuration list for PBXProject "TreeNote" */ = {
			isa = XCConfigurationList;
			buildConfigurations = (
				840F49332546DF310019D707 /* Debug */,
				840F49342546DF310019D707 /* Release */,
			);
			defaultConfigurationIsVisible = 0;
			defaultConfigurationName = Release;
		};
		840F49352546DF310019D707 /* Build configuration list for PBXNativeTarget "TreeNote" */ = {
			isa = XCConfigurationList;
			buildConfigurations = (
				840F49362546DF310019D707 /* Debug */,
				840F49372546DF310019D707 /* Release */,
			);
			defaultConfigurationIsVisible = 0;
			defaultConfigurationName = Release;
		};
/* End XCConfigurationList section */

/* Begin XCVersionGroup section */
		840F492A2546DF2B0019D707 /* TreeNote.xcdatamodeld */ = {
			isa = XCVersionGroup;
			children = (
				840F492B2546DF2B0019D707 /* TreeNote.xcdatamodel */,
			);
			currentVersion = 840F492B2546DF2B0019D707 /* TreeNote.xcdatamodel */;
			path = TreeNote.xcdatamodeld;
			sourceTree = "<group>";
			versionGroupType = wrapper.xcdatamodel;
		};
/* End XCVersionGroup section */
	};
	rootObject = 840F49162546DF2B0019D707 /* Project object */;
}
